
Microsoft Visual Studio Solution File, Format Version 12.00
# Visual Studio Version 17
VisualStudioVersion = 17.4.33122.133
MinimumVisualStudioVersion = 10.0.40219.1
Project("{9A19103F-16F7-4668-BE54-9A1E7A4F7556}") = "AssemblyApp", "AssemblyApp\AssemblyApp.csproj", "{09959B4E-FA18-4E7E-A828-66C3B94457DD}"
EndProject
Project("{9A19103F-16F7-4668-BE54-9A1E7A4F7556}") = "PluginBase", "PluginBase\PluginBase.csproj", "{B31AE856-5D2B-4712-9C19-F1898F7ED227}"
EndProject
Project("{FAE04EC0-301F-11D3-BF4B-00C04F79EFBC}") = "NoDependenciesTestApp", "NoDependenciesTestApp\NoDependenciesTestApp.csproj", "{1F080A91-2AF0-4ABC-A39E-0AD2599F0F74}"
EndProject
Project("{FAE04EC0-301F-11D3-BF4B-00C04F79EFBC}") = "JsonTestApp", "JsonTestApp\JsonTestApp.csproj", "{EFA6F7BD-B19B-469C-9214-767389A998FE}"
EndProject
Project("{FAE04EC0-301F-11D3-BF4B-00C04F79EFBC}") = "OldJsonTestApp", "OldJsonTestApp\OldJsonTestApp.csproj", "{993622E9-1662-48B7-8AF0-4D97B9F69FF1}"
EndProject
Global
	GlobalSection(SolutionConfigurationPlatforms) = preSolution
		Debug|Any CPU = Debug|Any CPU
		Release|Any CPU = Release|Any CPU
	EndGlobalSection
	GlobalSection(ProjectConfigurationPlatforms) = postSolution
		{09959B4E-FA18-4E7E-A828-66C3B94457DD}.Debug|Any CPU.ActiveCfg = Debug|Any CPU
		{09959B4E-FA18-4E7E-A828-66C3B94457DD}.Debug|Any CPU.Build.0 = Debug|Any CPU
		{09959B4E-FA18-4E7E-A828-66C3B94457DD}.Release|Any CPU.ActiveCfg = Release|Any CPU
		{09959B4E-FA18-4E7E-A828-66C3B94457DD}.Release|Any CPU.Build.0 = Release|Any CPU
		{B31AE856-5D2B-4712-9C19-F1898F7ED227}.Debug|Any CPU.ActiveCfg = Debug|Any CPU
		{B31AE856-5D2B-4712-9C19-F1898F7ED227}.Debug|Any CPU.Build.0 = Debug|Any CPU
		{B31AE856-5D2B-4712-9C19-F1898F7ED227}.Release|Any CPU.ActiveCfg = Release|Any CPU
		{B31AE856-5D2B-4712-9C19-F1898F7ED227}.Release|Any CPU.Build.0 = Release|Any CPU
		{1F080A91-2AF0-4ABC-A39E-0AD2599F0F74}.Debug|Any CPU.ActiveCfg = Debug|Any CPU
		{1F080A91-2AF0-4ABC-A39E-0AD2599F0F74}.Debug|Any CPU.Build.0 = Debug|Any CPU
		{1F080A91-2AF0-4ABC-A39E-0AD2599F0F74}.Release|Any CPU.ActiveCfg = Release|Any CPU
		{1F080A91-2AF0-4ABC-A39E-0AD2599F0F74}.Release|Any CPU.Build.0 = Release|Any CPU
		{EFA6F7BD-B19B-469C-9214-767389A998FE}.Debug|Any CPU.ActiveCfg = Debug|Any CPU
		{EFA6F7BD-B19B-469C-9214-767389A998FE}.Debug|Any CPU.Build.0 = Debug|Any CPU
		{EFA6F7BD-B19B-469C-9214-767389A998FE}.Release|Any CPU.ActiveCfg = Release|Any CPU
		{EFA6F7BD-B19B-469C-9214-767389A998FE}.Release|Any CPU.Build.0 = Release|Any CPU
		{993622E9-1662-48B7-8AF0-4D97B9F69FF1}.Debug|Any CPU.ActiveCfg = Debug|Any CPU
		{993622E9-1662-48B7-8AF0-4D97B9F69FF1}.Debug|Any CPU.Build.0 = Debug|Any CPU
		{993622E9-1662-48B7-8AF0-4D97B9F69FF1}.Release|Any CPU.ActiveCfg = Release|Any CPU
		{993622E9-1662-48B7-8AF0-4D97B9F69FF1}.Release|Any CPU.Build.0 = Release|Any CPU
	EndGlobalSection
	GlobalSection(SolutionProperties) = preSolution
		HideSolutionNode = FALSE
	EndGlobalSection
	GlobalSection(ExtensibilityGlobals) = postSolution
		SolutionGuid = {805D6A17-4168-49EB-BF41-FE62E2F04AEC}
	EndGlobalSection
EndGlobal
